
Microsoft Visual Studio Solution File, Format Version 12.00
# Visual Studio Version 17
VisualStudioVersion = 17.0.32014.148
MinimumVisualStudioVersion = 10.0.40219.1
Project("{FAE04EC0-301F-11D3-BF4B-00C04F79EFBC}") = "MTCG", "MTCG\MTCG.csproj", "{D9CC0028-A123-4E68-BF2D-6ECEE72AEFC1}"
EndProject
Project("{FAE04EC0-301F-11D3-BF4B-00C04F79EFBC}") = "HttpServer.Core", "HttpServer.Core\HttpServer.Core.csproj", "{4C2C847F-2557-4AFD-B558-FE9E2C846DC6}"
EndProject
Project("{FAE04EC0-301F-11D3-BF4B-00C04F79EFBC}") = "HttpServer.Test", "HttpServer.Test\HttpServer.Test.csproj", "{376459BD-0A14-43A6-B267-986C6364526D}"
EndProject
Project("{FAE04EC0-301F-11D3-BF4B-00C04F79EFBC}") = "HttpServer", "HttpServer\HttpServer.csproj", "{99D4FBC8-FBEA-4776-81BF-E301042065E2}"
EndProject
Global
	GlobalSection(SolutionConfigurationPlatforms) = preSolution
		Debug|Any CPU = Debug|Any CPU
		Release|Any CPU = Release|Any CPU
	EndGlobalSection
	GlobalSection(ProjectConfigurationPlatforms) = postSolution
		{D9CC0028-A123-4E68-BF2D-6ECEE72AEFC1}.Debug|Any CPU.ActiveCfg = Debug|Any CPU
		{D9CC0028-A123-4E68-BF2D-6ECEE72AEFC1}.Debug|Any CPU.Build.0 = Debug|Any CPU
		{D9CC0028-A123-4E68-BF2D-6ECEE72AEFC1}.Release|Any CPU.ActiveCfg = Release|Any CPU
		{D9CC0028-A123-4E68-BF2D-6ECEE72AEFC1}.Release|Any CPU.Build.0 = Release|Any CPU
		{4C2C847F-2557-4AFD-B558-FE9E2C846DC6}.Debug|Any CPU.ActiveCfg = Debug|Any CPU
		{4C2C847F-2557-4AFD-B558-FE9E2C846DC6}.Debug|Any CPU.Build.0 = Debug|Any CPU
		{4C2C847F-2557-4AFD-B558-FE9E2C846DC6}.Release|Any CPU.ActiveCfg = Release|Any CPU
		{4C2C847F-2557-4AFD-B558-FE9E2C846DC6}.Release|Any CPU.Build.0 = Release|Any CPU
		{376459BD-0A14-43A6-B267-986C6364526D}.Debug|Any CPU.ActiveCfg = Debug|Any CPU
		{376459BD-0A14-43A6-B267-986C6364526D}.Debug|Any CPU.Build.0 = Debug|Any CPU
		{376459BD-0A14-43A6-B267-986C6364526D}.Release|Any CPU.ActiveCfg = Release|Any CPU
		{376459BD-0A14-43A6-B267-986C6364526D}.Release|Any CPU.Build.0 = Release|Any CPU
		{99D4FBC8-FBEA-4776-81BF-E301042065E2}.Debug|Any CPU.ActiveCfg = Debug|Any CPU
		{99D4FBC8-FBEA-4776-81BF-E301042065E2}.Debug|Any CPU.Build.0 = Debug|Any CPU
		{99D4FBC8-FBEA-4776-81BF-E301042065E2}.Release|Any CPU.ActiveCfg = Release|Any CPU
		{99D4FBC8-FBEA-4776-81BF-E301042065E2}.Release|Any CPU.Build.0 = Release|Any CPU
	EndGlobalSection
	GlobalSection(SolutionProperties) = preSolution
		HideSolutionNode = FALSE
	EndGlobalSection
	GlobalSection(ExtensibilityGlobals) = postSolution
		SolutionGuid = {999FA9C7-FF9A-43D2-8E97-2487C88A1EA5}
	EndGlobalSection
EndGlobal
